{
  "name": "business-registries-rest-api-specification",
  "version": "1.0.0",
  "lockfileVersion": 1,
  "dependencies": {
    "accepts": {
      "version": "1.3.3",
      "resolved": "https://registry.npmjs.org/accepts/-/accepts-1.3.3.tgz",
      "integrity": "sha1-w8p0NJOGSMPg2cHjKN1otiLChMo="
    },
    "argparse": {
      "version": "1.0.9",
      "resolved": "https://registry.npmjs.org/argparse/-/argparse-1.0.9.tgz",
      "integrity": "sha1-c9g7wmP4bpf4zE9rrhsOkKfSLIY="
    },
    "array-flatten": {
      "version": "1.1.1",
      "resolved": "https://registry.npmjs.org/array-flatten/-/array-flatten-1.1.1.tgz",
      "integrity": "sha1-ml9pkFGx5wczKPKgCJaLZOopVdI="
    },
    "async": {
      "version": "1.5.2",
      "resolved": "https://registry.npmjs.org/async/-/async-1.5.2.tgz",
      "integrity": "sha1-7GphrlZIDAw8skHJVhjiCJL5Zyo="
    },
    "balanced-match": {
      "version": "1.0.0",
      "resolved": "https://registry.npmjs.org/balanced-match/-/balanced-match-1.0.0.tgz",
      "integrity": "sha1-ibTRmasr7kneFk6gK4nORi1xt2c="
    },
    "body-parser": {
      "version": "1.17.2",
      "resolved": "https://registry.npmjs.org/body-parser/-/body-parser-1.17.2.tgz",
      "integrity": "sha1-+IkqvI+eYn1Crtr7yma/WrmRBO4="
    },
    "brace-expansion": {
      "version": "1.1.8",
      "resolved": "https://registry.npmjs.org/brace-expansion/-/brace-expansion-1.1.8.tgz",
      "integrity": "sha1-wHshHHyVLsH479Uad+8NHTmQopI="
    },
    "bytes": {
      "version": "2.4.0",
      "resolved": "https://registry.npmjs.org/bytes/-/bytes-2.4.0.tgz",
      "integrity": "sha1-fZcZb51br39pNeJZhVSe3SpsIzk="
    },
    "chance": {
      "version": "1.0.10",
      "resolved": "https://registry.npmjs.org/chance/-/chance-1.0.10.tgz",
      "integrity": "sha1-A1ALBK2U53jdKJGwnsc6ath7GZY="
    },
    "cjson": {
      "version": "0.2.1",
      "resolved": "https://registry.npmjs.org/cjson/-/cjson-0.2.1.tgz",
      "integrity": "sha1-c82KrWXZ4VBfmvF0TTt5wVJ2gqU="
    },
    "colors": {
      "version": "0.5.1",
      "resolved": "https://registry.npmjs.org/colors/-/colors-0.5.1.tgz",
      "integrity": "sha1-fQAj6usVTo7p/Oddy5I9DtFmd3Q="
    },
    "combined-stream": {
      "version": "1.0.5",
      "resolved": "https://registry.npmjs.org/combined-stream/-/combined-stream-1.0.5.tgz",
      "integrity": "sha1-k4NwpXtKUd6ix3wV1cX9+JUWQAk="
    },
    "commander": {
      "version": "2.10.0",
      "resolved": "https://registry.npmjs.org/commander/-/commander-2.10.0.tgz",
      "integrity": "sha512-q/r9trjmuikWDRJNTBHAVnWhuU6w+z80KgBq7j9YDclik5E7X4xi0KnlZBNFA1zOQ+SH/vHMWd2mC9QTOz7GpA=="
    },
    "component-emitter": {
      "version": "1.2.1",
      "resolved": "https://registry.npmjs.org/component-emitter/-/component-emitter-1.2.1.tgz",
      "integrity": "sha1-E3kY1teCg/ffemt8WmPhQOaUJeY="
    },
    "concat-map": {
      "version": "0.0.1",
      "resolved": "https://registry.npmjs.org/concat-map/-/concat-map-0.0.1.tgz",
      "integrity": "sha1-2Klr13/Wjfd5OnMDajug1UBdR3s="
    },
    "content-disposition": {
      "version": "0.5.2",
      "resolved": "https://registry.npmjs.org/content-disposition/-/content-disposition-0.5.2.tgz",
      "integrity": "sha1-DPaLud318r55YcOoUXjLhdunjLQ="
    },
    "content-type": {
      "version": "1.0.2",
      "resolved": "https://registry.npmjs.org/content-type/-/content-type-1.0.2.tgz",
      "integrity": "sha1-t9ETrueo3Se9IRM8TcJSnfFyHu0="
    },
    "cookie": {
      "version": "0.3.1",
      "resolved": "https://registry.npmjs.org/cookie/-/cookie-0.3.1.tgz",
      "integrity": "sha1-5+Ch+e9DtMi6klxcWpboBtFoc7s="
    },
    "cookie-signature": {
      "version": "1.0.6",
      "resolved": "https://registry.npmjs.org/cookie-signature/-/cookie-signature-1.0.6.tgz",
      "integrity": "sha1-4wOogrNCzD7oylE6eZmXNNqzriw="
    },
    "cookiejar": {
      "version": "2.0.6",
      "resolved": "https://registry.npmjs.org/cookiejar/-/cookiejar-2.0.6.tgz",
      "integrity": "sha1-Cr81atANHFohnYjURRgEbdAmrP4="
    },
    "core-util-is": {
      "version": "1.0.2",
      "resolved": "https://registry.npmjs.org/core-util-is/-/core-util-is-1.0.2.tgz",
      "integrity": "sha1-tf1UIgqivFq1eqtxQMlAdUUDwac="
    },
    "cors": {
      "version": "2.8.3",
      "resolved": "https://registry.npmjs.org/cors/-/cors-2.8.3.tgz",
      "integrity": "sha1-TPeOHSMymnSWsvwiJbd8pbteuAI="
    },
    "debug": {
      "version": "2.6.7",
      "resolved": "https://registry.npmjs.org/debug/-/debug-2.6.7.tgz",
      "integrity": "sha1-krrR9tBbu2u6Isyoi80OyJTChh4="
    },
    "deep-extend": {
      "version": "0.4.2",
      "resolved": "https://registry.npmjs.org/deep-extend/-/deep-extend-0.4.2.tgz",
      "integrity": "sha1-SLaZwn4zS/ifEIkr5DL25MfTSn8="
    },
    "delayed-stream": {
      "version": "1.0.0",
      "resolved": "https://registry.npmjs.org/delayed-stream/-/delayed-stream-1.0.0.tgz",
      "integrity": "sha1-3zrhmayt+31ECqrgsp4icrJOxhk="
    },
    "depd": {
      "version": "1.1.0",
      "resolved": "https://registry.npmjs.org/depd/-/depd-1.1.0.tgz",
      "integrity": "sha1-4b2Cxqq2ztlluXuIsX7T5SjKGMM="
    },
    "deref": {
      "version": "0.6.4",
      "resolved": "https://registry.npmjs.org/deref/-/deref-0.6.4.tgz",
      "integrity": "sha1-vVqW1F2+0wEbuBvfaN31S+jhvU4="
    },
    "destroy": {
      "version": "1.0.4",
      "resolved": "https://registry.npmjs.org/destroy/-/destroy-1.0.4.tgz",
      "integrity": "sha1-l4hXRCxEdJ5CBmE+N5RiBYJqvYA="
    },
    "discontinuous-range": {
      "version": "1.0.0",
      "resolved": "https://registry.npmjs.org/discontinuous-range/-/discontinuous-range-1.0.0.tgz",
      "integrity": "sha1-44Mx8IRLukm5qctxx3FYWqsbxlo="
    },
    "ebnf-parser": {
      "version": "0.1.10",
      "resolved": "https://registry.npmjs.org/ebnf-parser/-/ebnf-parser-0.1.10.tgz",
      "integrity": "sha1-zR9rpHfFY4xAyX7ZtXLbW6tdgzE="
    },
    "ee-first": {
      "version": "1.1.1",
      "resolved": "https://registry.npmjs.org/ee-first/-/ee-first-1.1.1.tgz",
      "integrity": "sha1-WQxhFWsK4vTwJVcyoViyZrxWsh0="
    },
    "encodeurl": {
      "version": "1.0.1",
      "resolved": "https://registry.npmjs.org/encodeurl/-/encodeurl-1.0.1.tgz",
      "integrity": "sha1-eePVhlU0aQn+bw9Fpd5oEDspTSA="
    },
    "escape-html": {
      "version": "1.0.3",
      "resolved": "https://registry.npmjs.org/escape-html/-/escape-html-1.0.3.tgz",
      "integrity": "sha1-Aljq5NPQwJdN4cFpGI7wBR0dGYg="
    },
    "escodegen": {
      "version": "0.0.21",
      "resolved": "https://registry.npmjs.org/escodegen/-/escodegen-0.0.21.tgz",
      "integrity": "sha1-U9ZSz6EDA4gnlFilJmxf/HCcY8M=",
      "dependencies": {
        "esprima": {
          "version": "1.0.4",
          "resolved": "https://registry.npmjs.org/esprima/-/esprima-1.0.4.tgz",
          "integrity": "sha1-n1V+CPw7TSbs6d00+Pv0drYlha0="
        }
      }
    },
    "esprima": {
      "version": "3.1.3",
      "resolved": "https://registry.npmjs.org/esprima/-/esprima-3.1.3.tgz",
      "integrity": "sha1-/cpRzuYTOJXjyI1TXOSdv/YqRjM="
    },
    "estraverse": {
      "version": "0.0.4",
      "resolved": "https://registry.npmjs.org/estraverse/-/estraverse-0.0.4.tgz",
      "integrity": "sha1-AaCTLf7ldGhKWYr1pnw7+bZCjbI="
    },
    "etag": {
      "version": "1.8.0",
      "resolved": "https://registry.npmjs.org/etag/-/etag-1.8.0.tgz",
      "integrity": "sha1-b2Ma7zNtbEY2K1F2QETOIWvjwFE="
    },
    "express": {
      "version": "4.15.3",
      "resolved": "https://registry.npmjs.org/express/-/express-4.15.3.tgz",
      "integrity": "sha1-urZdDwOqgMNYQIly/HAPkWlEtmI="
    },
    "extend": {
      "version": "3.0.0",
      "resolved": "https://registry.npmjs.org/extend/-/extend-3.0.0.tgz",
      "integrity": "sha1-WkdDU7nzNT3dgXbf03uRyDpG8dQ="
    },
    "faker": {
      "version": "3.1.0",
      "resolved": "https://registry.npmjs.org/faker/-/faker-3.1.0.tgz",
      "integrity": "sha1-D5CPr05uwCUk5UpX5DLFwBPgjJ8="
    },
    "finalhandler": {
      "version": "1.0.3",
      "resolved": "https://registry.npmjs.org/finalhandler/-/finalhandler-1.0.3.tgz",
      "integrity": "sha1-70fneVDpmXgOhgIqVg4yF+DQzIk="
    },
    "foreach": {
      "version": "2.0.5",
      "resolved": "https://registry.npmjs.org/foreach/-/foreach-2.0.5.tgz",
      "integrity": "sha1-C+4AUBiusmDQo6865ljdATbsG5k="
    },
    "form-data": {
      "version": "1.0.0-rc3",
      "resolved": "https://registry.npmjs.org/form-data/-/form-data-1.0.0-rc3.tgz",
      "integrity": "sha1-01vGLn+8KTeuePlIqqDTjZBgdXc="
    },
    "formidable": {
      "version": "1.0.17",
      "resolved": "https://registry.npmjs.org/formidable/-/formidable-1.0.17.tgz",
      "integrity": "sha1-71SRSQ+UM7cF+qdyScmQKa40hVk="
    },
    "forwarded": {
      "version": "0.1.0",
      "resolved": "https://registry.npmjs.org/forwarded/-/forwarded-0.1.0.tgz",
      "integrity": "sha1-Ge+YdMSuHCl7zweP3mOgm2aoQ2M="
    },
    "fresh": {
      "version": "0.5.0",
      "resolved": "https://registry.npmjs.org/fresh/-/fresh-0.5.0.tgz",
      "integrity": "sha1-9HTKXmqSRtb9jglTz6m5yAWvp44="
    },
    "fs.realpath": {
      "version": "1.0.0",
      "resolved": "https://registry.npmjs.org/fs.realpath/-/fs.realpath-1.0.0.tgz",
      "integrity": "sha1-FQStJSMVjKpA20onh8sBQRmU6k8="
    },
    "glob": {
      "version": "7.1.2",
      "resolved": "https://registry.npmjs.org/glob/-/glob-7.1.2.tgz",
      "integrity": "sha512-MJTUg1kjuLeQCJ+ccE4Vpa6kKVXkPYJ2mOCQyUuKLcLQsdrMCpBPUi8qVE6+YuaJkozeA9NusTAw3hLr8Xe5EQ=="
    },
    "graceful-readlink": {
      "version": "1.0.1",
      "resolved": "https://registry.npmjs.org/graceful-readlink/-/graceful-readlink-1.0.1.tgz",
      "integrity": "sha1-TK+tdrxi8C+gObL5Tpo906ORpyU="
    },
    "http-errors": {
      "version": "1.6.1",
      "resolved": "https://registry.npmjs.org/http-errors/-/http-errors-1.6.1.tgz",
      "integrity": "sha1-X4uO2YrKVFZWv1cplzh/kEpyIlc="
    },
    "iconv-lite": {
      "version": "0.4.15",
      "resolved": "https://registry.npmjs.org/iconv-lite/-/iconv-lite-0.4.15.tgz",
      "integrity": "sha1-/iZaIYrGpXz+hUkn6dBMGYJe3es="
    },
    "inflight": {
      "version": "1.0.6",
      "resolved": "https://registry.npmjs.org/inflight/-/inflight-1.0.6.tgz",
      "integrity": "sha1-Sb1jMdfQLQwJvJEKEHW6gWW1bfk="
    },
    "inherits": {
      "version": "2.0.3",
      "resolved": "https://registry.npmjs.org/inherits/-/inherits-2.0.3.tgz",
      "integrity": "sha1-Yzwsg+PaQqUC9SRmAiSA9CCCYd4="
    },
    "interpret": {
      "version": "1.0.3",
      "resolved": "https://registry.npmjs.org/interpret/-/interpret-1.0.3.tgz",
      "integrity": "sha1-y8NcYu7uc/Gat7EKgBURQBr8D5A="
    },
    "ipaddr.js": {
      "version": "1.3.0",
      "resolved": "https://registry.npmjs.org/ipaddr.js/-/ipaddr.js-1.3.0.tgz",
      "integrity": "sha1-HgOlL9rYOou7KyXL9JmLTP/NPew="
    },
    "isarray": {
      "version": "0.0.1",
      "resolved": "https://registry.npmjs.org/isarray/-/isarray-0.0.1.tgz",
      "integrity": "sha1-ihis/Kmo9Bd+Cav8YDiTmwXR7t8="
    },
    "jison": {
      "version": "0.4.13",
      "resolved": "https://registry.npmjs.org/jison/-/jison-0.4.13.tgz",
      "integrity": "sha1-kEFwfWIkE2f1iDRTK58ZwsNvrHg=",
      "dependencies": {
        "esprima": {
          "version": "1.0.4",
          "resolved": "https://registry.npmjs.org/esprima/-/esprima-1.0.4.tgz",
          "integrity": "sha1-n1V+CPw7TSbs6d00+Pv0drYlha0="
        }
      }
    },
    "jison-lex": {
      "version": "0.2.1",
      "resolved": "https://registry.npmjs.org/jison-lex/-/jison-lex-0.2.1.tgz",
      "integrity": "sha1-rEuBXozOUTLrErXfz+jXB7iETf4="
    },
    "js-base64": {
      "version": "2.1.9",
      "resolved": "https://registry.npmjs.org/js-base64/-/js-base64-2.1.9.tgz",
      "integrity": "sha1-8OgK4DmkvWVLXygfyT8EqRSn/M4="
    },
    "js-yaml": {
      "version": "3.8.4",
      "resolved": "https://registry.npmjs.org/js-yaml/-/js-yaml-3.8.4.tgz",
      "integrity": "sha1-UgtFZPhlc7qWZir4Woyvp7S1pvY="
    },
    "json-pointer": {
      "version": "0.5.0",
      "resolved": "https://registry.npmjs.org/json-pointer/-/json-pointer-0.5.0.tgz",
      "integrity": "sha1-4M3R5WHVBgj7x96BCSO+tN8Rugw="
    },
    "json-refs": {
      "version": "1.3.0",
      "resolved": "https://registry.npmjs.org/json-refs/-/json-refs-1.3.0.tgz",
      "integrity": "sha1-bNGLqhFH8nSZUzo3tkqwWAjdeIw="
    },
    "json-schema-faker": {
      "version": "0.2.16",
      "resolved": "https://registry.npmjs.org/json-schema-faker/-/json-schema-faker-0.2.16.tgz",
      "integrity": "sha1-UdPKSJVdj+c09ZHXR7ckU75aePI="
    },
    "jsonpath": {
      "version": "0.2.11",
      "resolved": "https://registry.npmjs.org/jsonpath/-/jsonpath-0.2.11.tgz",
      "integrity": "sha1-v+IuBmW5cS+Oe99+Lh+MCLWUxg4=",
      "dependencies": {
        "esprima": {
          "version": "1.2.2",
          "resolved": "https://registry.npmjs.org/esprima/-/esprima-1.2.2.tgz",
          "integrity": "sha1-dqD9Zvz+FU/SkmZ9wmQBl1CxZXs="
        }
      }
    },
    "JSONSelect": {
      "version": "0.4.0",
      "resolved": "https://registry.npmjs.org/JSONSelect/-/JSONSelect-0.4.0.tgz",
      "integrity": "sha1-oI7cxn6z/L6Z7WMIVTRKDPKCu40="
    },
    "lex-parser": {
      "version": "0.1.4",
      "resolved": "https://registry.npmjs.org/lex-parser/-/lex-parser-0.1.4.tgz",
      "integrity": "sha1-ZMTwJfF/1Tv7RXY/rrFvAVp0dVA="
    },
    "lodash": {
      "version": "4.17.4",
      "resolved": "https://registry.npmjs.org/lodash/-/lodash-4.17.4.tgz",
      "integrity": "sha1-eCA6TRwyiuHYbcpkYONptX9AVa4="
    },
    "lodash.get": {
      "version": "4.4.2",
      "resolved": "https://registry.npmjs.org/lodash.get/-/lodash.get-4.4.2.tgz",
      "integrity": "sha1-LRd/ZS+jHpObRDjVNBSZ36OCXpk="
    },
    "lodash.isequal": {
      "version": "4.5.0",
      "resolved": "https://registry.npmjs.org/lodash.isequal/-/lodash.isequal-4.5.0.tgz",
      "integrity": "sha1-QVxEePK8wwEgwizhDtMib30+GOA="
    },
    "media-typer": {
      "version": "0.3.0",
      "resolved": "https://registry.npmjs.org/media-typer/-/media-typer-0.3.0.tgz",
      "integrity": "sha1-hxDXrwqmJvj/+hzgAWhUUmMlV0g="
    },
    "merge-descriptors": {
      "version": "1.0.1",
      "resolved": "https://registry.npmjs.org/merge-descriptors/-/merge-descriptors-1.0.1.tgz",
      "integrity": "sha1-sAqqVW3YtEVoFQ7J0blT8/kMu2E="
    },
    "methods": {
      "version": "1.1.2",
      "resolved": "https://registry.npmjs.org/methods/-/methods-1.1.2.tgz",
      "integrity": "sha1-VSmk1nZUE07cxSZmVoNbD4Ua/O4="
    },
    "mime": {
      "version": "1.3.4",
      "resolved": "https://registry.npmjs.org/mime/-/mime-1.3.4.tgz",
      "integrity": "sha1-EV+eO2s9rylZmDyzjxSaLUDrXVM="
    },
    "mime-db": {
      "version": "1.27.0",
      "resolved": "https://registry.npmjs.org/mime-db/-/mime-db-1.27.0.tgz",
      "integrity": "sha1-gg9XIpa70g7CXtVeW13oaeVDbrE="
    },
    "mime-types": {
      "version": "2.1.15",
      "resolved": "https://registry.npmjs.org/mime-types/-/mime-types-2.1.15.tgz",
      "integrity": "sha1-pOv1BkCUVpI3uM9wBGd20J/JKu0="
    },
    "minimatch": {
      "version": "3.0.4",
      "resolved": "https://registry.npmjs.org/minimatch/-/minimatch-3.0.4.tgz",
      "integrity": "sha512-yJHVQEhyqPLUTgt9B83PXu6W3rx4MvvHvSUvToogpwoGDOUQ+yDrR0HRot+yOCdCO7u4hX3pWft6kWBBcqh0UA=="
    },
    "minimist": {
      "version": "0.0.8",
      "resolved": "https://registry.npmjs.org/minimist/-/minimist-0.0.8.tgz",
      "integrity": "sha1-hX/Kv8M5fSYluCKCYuhqp6ARsF0="
    },
    "mkdirp": {
      "version": "0.5.1",
      "resolved": "https://registry.npmjs.org/mkdirp/-/mkdirp-0.5.1.tgz",
      "integrity": "sha1-MAV0OOrGz3+MR2fzhkjWaX11yQM="
    },
    "ms": {
      "version": "2.0.0",
      "resolved": "https://registry.npmjs.org/ms/-/ms-2.0.0.tgz",
      "integrity": "sha1-VgiurfwAvmwpAd9fmGF4jeDVl8g="
    },
    "native-promise-only": {
      "version": "0.8.1",
      "resolved": "https://registry.npmjs.org/native-promise-only/-/native-promise-only-0.8.1.tgz",
      "integrity": "sha1-IKMYwwy0X3H+et+/eyHJnBRy7xE="
    },
    "negotiator": {
      "version": "0.6.1",
      "resolved": "https://registry.npmjs.org/negotiator/-/negotiator-0.6.1.tgz",
      "integrity": "sha1-KzJxhOiZIQEXeyhWP7XnECrNDKk="
    },
    "nomnom": {
      "version": "1.5.2",
      "resolved": "https://registry.npmjs.org/nomnom/-/nomnom-1.5.2.tgz",
      "integrity": "sha1-9DRUSKhTz71cDSYyDyR3qwUm/i8=",
      "dependencies": {
        "underscore": {
          "version": "1.1.7",
          "resolved": "https://registry.npmjs.org/underscore/-/underscore-1.1.7.tgz",
          "integrity": "sha1-QLq4S60Z0jAJbo1u9ii/8FXYPbA="
        }
      }
    },
    "object-assign": {
      "version": "4.1.1",
      "resolved": "https://registry.npmjs.org/object-assign/-/object-assign-4.1.1.tgz",
      "integrity": "sha1-IQmtx5ZYh8/AXLvUQsrIv7s2CGM="
    },
    "on-finished": {
      "version": "2.3.0",
      "resolved": "https://registry.npmjs.org/on-finished/-/on-finished-2.3.0.tgz",
      "integrity": "sha1-IPEzZIGwg811M3mSoWlxqi2QaUc="
    },
    "once": {
      "version": "1.4.0",
      "resolved": "https://registry.npmjs.org/once/-/once-1.4.0.tgz",
      "integrity": "sha1-WDsap3WWHUsROsF9nFC6753Xa9E="
    },
    "parseurl": {
      "version": "1.3.1",
      "resolved": "https://registry.npmjs.org/parseurl/-/parseurl-1.3.1.tgz",
      "integrity": "sha1-yKuMkiO6NIiKpkopeyiFO+wY2lY="
    },
    "path-is-absolute": {
      "version": "1.0.1",
      "resolved": "https://registry.npmjs.org/path-is-absolute/-/path-is-absolute-1.0.1.tgz",
      "integrity": "sha1-F0uSaHNVNP+8es5r9TpanhtcX18="
    },
    "path-loader": {
      "version": "0.2.1",
      "resolved": "https://registry.npmjs.org/path-loader/-/path-loader-0.2.1.tgz",
      "integrity": "sha1-c4SLA3S/tmvlSj9w7NsISzJjvJ0="
    },
    "path-parse": {
      "version": "1.0.5",
      "resolved": "https://registry.npmjs.org/path-parse/-/path-parse-1.0.5.tgz",
      "integrity": "sha1-PBrfhx6pzWyUMbbqK9dKD/BVxME="
    },
    "path-to-regexp": {
      "version": "0.1.7",
      "resolved": "https://registry.npmjs.org/path-to-regexp/-/path-to-regexp-0.1.7.tgz",
      "integrity": "sha1-32BBeABfUi8V60SQ5yR6G/qmf4w="
    },
    "proxy-addr": {
      "version": "1.1.4",
      "resolved": "https://registry.npmjs.org/proxy-addr/-/proxy-addr-1.1.4.tgz",
      "integrity": "sha1-J+VF9pYKRKYn2bREZ+NcG2tM4vM="
    },
    "qs": {
      "version": "6.4.0",
      "resolved": "https://registry.npmjs.org/qs/-/qs-6.4.0.tgz",
      "integrity": "sha1-E+JtKK1rD/qpExLNO/cI7TUecjM="
    },
    "randexp": {
      "version": "0.4.5",
      "resolved": "https://registry.npmjs.org/randexp/-/randexp-0.4.5.tgz",
      "integrity": "sha1-/+OoDD9mbNceawCOR35YTBoy/z4="
    },
    "range-parser": {
      "version": "1.2.0",
      "resolved": "https://registry.npmjs.org/range-parser/-/range-parser-1.2.0.tgz",
      "integrity": "sha1-9JvmtIeJTdxA3MlKMi9hEJLgDV4="
    },
    "raw-body": {
      "version": "2.2.0",
      "resolved": "https://registry.npmjs.org/raw-body/-/raw-body-2.2.0.tgz",
      "integrity": "sha1-mUl2z2pQlqQRYoQEkvC9xdbn+5Y="
    },
    "readable-stream": {
      "version": "1.0.27-1",
      "resolved": "https://registry.npmjs.org/readable-stream/-/readable-stream-1.0.27-1.tgz",
      "integrity": "sha1-a2eYPCA1fO/QfwFlABoW1xDZEHg="
    },
    "rechoir": {
      "version": "0.6.2",
      "resolved": "https://registry.npmjs.org/rechoir/-/rechoir-0.6.2.tgz",
      "integrity": "sha1-hSBLVNuoLVdC4oyWdW70OvUOM4Q="
    },
    "reduce-component": {
      "version": "1.0.1",
      "resolved": "https://registry.npmjs.org/reduce-component/-/reduce-component-1.0.1.tgz",
      "integrity": "sha1-4Mk1QsV0UhvqE98PlIjtgqt3xdo="
    },
    "require-dir": {
      "version": "0.3.2",
      "resolved": "https://registry.npmjs.org/require-dir/-/require-dir-0.3.2.tgz",
      "integrity": "sha1-wdXHXp+//eny5rM+OD209ZS1pqk="
    },
    "resolve": {
      "version": "1.3.3",
      "resolved": "https://registry.npmjs.org/resolve/-/resolve-1.3.3.tgz",
      "integrity": "sha1-ZVkHw0aahoDcLeOidaj91paR8OU="
    },
    "ret": {
      "version": "0.1.14",
      "resolved": "https://registry.npmjs.org/ret/-/ret-0.1.14.tgz",
      "integrity": "sha1-WMY2g3sS4WH4o4DPCBxqIw/RZk4="
    },
    "send": {
      "version": "0.15.3",
      "resolved": "https://registry.npmjs.org/send/-/send-0.15.3.tgz",
      "integrity": "sha1-UBP5+ZAj31DRvZiSwZ4979HVMwk="
    },
    "serve-static": {
      "version": "1.12.3",
      "resolved": "https://registry.npmjs.org/serve-static/-/serve-static-1.12.3.tgz",
      "integrity": "sha1-n0uhni8wMMVH+K+ZEHg47DjVseI="
    },
    "setprototypeof": {
      "version": "1.0.3",
      "resolved": "https://registry.npmjs.org/setprototypeof/-/setprototypeof-1.0.3.tgz",
      "integrity": "sha1-ZlZ+NwQ+608E2RvWWMDL77VbjgQ="
    },
    "shelljs": {
      "version": "0.7.8",
      "resolved": "https://registry.npmjs.org/shelljs/-/shelljs-0.7.8.tgz",
      "integrity": "sha1-3svPh0sNHl+3LhSxZKloMEjprLM="
    },
    "source-map": {
      "version": "0.5.6",
      "resolved": "https://registry.npmjs.org/source-map/-/source-map-0.5.6.tgz",
      "integrity": "sha1-dc449SvwczxafwwRjYEzSiu19BI=",
      "optional": true
    },
    "sprintf-js": {
      "version": "1.0.3",
      "resolved": "https://registry.npmjs.org/sprintf-js/-/sprintf-js-1.0.3.tgz",
      "integrity": "sha1-BOaSb2YolTVPPdAVIDYzuFcpfiw="
    },
    "static-eval": {
      "version": "0.2.3",
      "resolved": "https://registry.npmjs.org/static-eval/-/static-eval-0.2.3.tgz",
      "integrity": "sha1-Aj8XrJ/uQm6niMEuo5IG3Bdfiyo=",
      "dependencies": {
        "escodegen": {
          "version": "0.0.28",
          "resolved": "https://registry.npmjs.org/escodegen/-/escodegen-0.0.28.tgz",
          "integrity": "sha1-Dk/xcV8yh3XWyrUaxEpAbNer/9M="
        },
        "esprima": {
          "version": "1.0.4",
          "resolved": "https://registry.npmjs.org/esprima/-/esprima-1.0.4.tgz",
          "integrity": "sha1-n1V+CPw7TSbs6d00+Pv0drYlha0="
        },
        "estraverse": {
          "version": "1.3.2",
          "resolved": "https://registry.npmjs.org/estraverse/-/estraverse-1.3.2.tgz",
          "integrity": "sha1-N8K4k+8T1yPydth41g2FNRUqbEI="
        }
      }
    },
    "statuses": {
      "version": "1.3.1",
      "resolved": "https://registry.npmjs.org/statuses/-/statuses-1.3.1.tgz",
      "integrity": "sha1-+vUbnrdKrvOzrPStX2Gr8ky3uT4="
    },
    "string_decoder": {
      "version": "0.10.31",
      "resolved": "https://registry.npmjs.org/string_decoder/-/string_decoder-0.10.31.tgz",
      "integrity": "sha1-YuIDvEF2bGwoyfyEMB2rHFMQ+pQ="
    },
    "superagent": {
      "version": "1.8.5",
      "resolved": "https://registry.npmjs.org/superagent/-/superagent-1.8.5.tgz",
      "integrity": "sha1-HA3cOvMOgOuE68BcshItqP6UC1U=",
      "dependencies": {
        "qs": {
          "version": "2.3.3",
          "resolved": "https://registry.npmjs.org/qs/-/qs-2.3.3.tgz",
          "integrity": "sha1-6eha2+ddoLvkyOBHaghikPhjtAQ="
        }
      }
    },
    "swagger-editor": {
      "version": "2.10.5",
      "resolved": "https://registry.npmjs.org/swagger-editor/-/swagger-editor-2.10.5.tgz",
      "integrity": "sha1-pDFsyw1Ap30w2t+R8PTbfkdflIo="
    },
    "swagger-repo": {
      "version": "1.4.2",
      "resolved": "https://registry.npmjs.org/swagger-repo/-/swagger-repo-1.4.2.tgz",
      "integrity": "sha1-pICs27EPOcT0RXw45hkcIcpnbDs="
    },
    "swagger-ui": {
      "version": "2.2.10",
      "resolved": "https://registry.npmjs.org/swagger-ui/-/swagger-ui-2.2.10.tgz",
      "integrity": "sha1-sl56IWZOXZC/OR2zDbCN5B6FLXs="
    },
    "sway": {
      "version": "0.6.0",
      "resolved": "https://registry.npmjs.org/sway/-/sway-0.6.0.tgz",
      "integrity": "sha1-qztQeUj++aTZQP49gG0LEE+9FaI=",
      "dependencies": {
        "glob": {
          "version": "5.0.15",
          "resolved": "https://registry.npmjs.org/glob/-/glob-5.0.15.tgz",
          "integrity": "sha1-G8k2ueAvSmA/zCIuz3Yz0wuLk7E="
        },
        "lodash": {
          "version": "3.10.1",
          "resolved": "https://registry.npmjs.org/lodash/-/lodash-3.10.1.tgz",
          "integrity": "sha1-W/Rejkm6QYnhfUgnid/RW9FAt7Y="
        },
        "path-to-regexp": {
          "version": "1.7.0",
          "resolved": "https://registry.npmjs.org/path-to-regexp/-/path-to-regexp-1.7.0.tgz",
          "integrity": "sha1-Wf3g9DW62suhA6hOnTvGTpa5k30="
        }
      }
    },
    "traverse": {
      "version": "0.6.6",
      "resolved": "https://registry.npmjs.org/traverse/-/traverse-0.6.6.tgz",
      "integrity": "sha1-y99WD9e5r2MlAv7UD5GMFX6pcTc="
    },
    "type-is": {
      "version": "1.6.15",
      "resolved": "https://registry.npmjs.org/type-is/-/type-is-1.6.15.tgz",
      "integrity": "sha1-yrEPtJCeRByChC6v4a1kbIGARBA="
    },
    "underscore": {
      "version": "1.7.0",
      "resolved": "https://registry.npmjs.org/underscore/-/underscore-1.7.0.tgz",
      "integrity": "sha1-a7rwh3UA02vjTsqlhODbn+8DUgk="
    },
    "unpipe": {
      "version": "1.0.0",
      "resolved": "https://registry.npmjs.org/unpipe/-/unpipe-1.0.0.tgz",
      "integrity": "sha1-sr9O6FFKrmFltIF4KdIbLvSZBOw="
    },
    "utils-merge": {
      "version": "1.0.0",
      "resolved": "https://registry.npmjs.org/utils-merge/-/utils-merge-1.0.0.tgz",
      "integrity": "sha1-ApT7kiu5N1FTVBxPcJYjHyh8ivg="
    },
    "validator": {
      "version": "6.3.0",
      "resolved": "https://registry.npmjs.org/validator/-/validator-6.3.0.tgz",
      "integrity": "sha1-R84j7Y1Ord+p1LjvAHG2zxB418g="
    },
    "vary": {
      "version": "1.1.1",
      "resolved": "https://registry.npmjs.org/vary/-/vary-1.1.1.tgz",
      "integrity": "sha1-Z1Neu2lMHVIldFeYRmUyP1h+jTc="
    },
    "wrappy": {
      "version": "1.0.2",
      "resolved": "https://registry.npmjs.org/wrappy/-/wrappy-1.0.2.tgz",
      "integrity": "sha1-tSQ9jz7BqjXxNkYFvA0QNuMKtp8="
    },
    "z-schema": {
      "version": "3.18.2",
      "resolved": "https://registry.npmjs.org/z-schema/-/z-schema-3.18.2.tgz",
      "integrity": "sha1-5CIZa17+YLRq3vPD8q7y3qqREWE="
    }
  }
}
